// !$*UTF8*$!
{
	archiveVersion = 1;
	classes = {
	};
	objectVersion = 56;
	objects = {

/* Begin PBXBuildFile section */
		E3F0365E2C2A88B300DE5D94 /* AppDelegate.swift in Sources */ = {isa = PBXBuildFile; fileRef = E3F0365D2C2A88B300DE5D94 /* AppDelegate.swift */; };
		E3F036602C2A88B300DE5D94 /* SceneDelegate.swift in Sources */ = {isa = PBXBuildFile; fileRef = E3F0365F2C2A88B300DE5D94 /* SceneDelegate.swift */; };
		E3F036622C2A88B300DE5D94 /* ViewController.swift in Sources */ = {isa = PBXBuildFile; fileRef = E3F036612C2A88B300DE5D94 /* ViewController.swift */; };
		E3F036652C2A88B300DE5D94 /* Base in Resources */ = {isa = PBXBuildFile; fileRef = E3F036642C2A88B300DE5D94 /* Base */; };
		E3F036672C2A88B500DE5D94 /* Assets.xcassets in Resources */ = {isa = PBXBuildFile; fileRef = E3F036662C2A88B500DE5D94 /* Assets.xcassets */; };
		E3F0366A2C2A88B500DE5D94 /* Base in Resources */ = {isa = PBXBuildFile; fileRef = E3F036692C2A88B500DE5D94 /* Base */; };
		E3F036752C2A88B500DE5D94 /* ExamReminderAppTests.swift in Sources */ = {isa = PBXBuildFile; fileRef = E3F036742C2A88B500DE5D94 /* ExamReminderAppTests.swift */; };
		E3F0367F2C2A88B500DE5D94 /* ExamReminderAppUITests.swift in Sources */ = {isa = PBXBuildFile; fileRef = E3F0367E2C2A88B500DE5D94 /* ExamReminderAppUITests.swift */; };
		E3F036812C2A88B500DE5D94 /* ExamReminderAppUITestsLaunchTests.swift in Sources */ = {isa = PBXBuildFile; fileRef = E3F036802C2A88B500DE5D94 /* ExamReminderAppUITestsLaunchTests.swift */; };
		E3F0368E2C2A893700DE5D94 /* Exam.swift in Sources */ = {isa = PBXBuildFile; fileRef = E3F0368D2C2A893700DE5D94 /* Exam.swift */; };
		E3F036902C2A89D900DE5D94 /* AddExamViewController.swift in Sources */ = {isa = PBXBuildFile; fileRef = E3F0368F2C2A89D900DE5D94 /* AddExamViewController.swift */; };
		E3F036922C2A8BA300DE5D94 /* ExamViewController.swift in Sources */ = {isa = PBXBuildFile; fileRef = E3F036912C2A8BA300DE5D94 /* ExamViewController.swift */; };
/* End PBXBuildFile section */

/* Begin PBXContainerItemProxy section */
		E3F036712C2A88B500DE5D94 /* PBXContainerItemProxy */ = {
			isa = PBXContainerItemProxy;
			containerPortal = E3F036522C2A88B300DE5D94 /* Project object */;
			proxyType = 1;
			remoteGlobalIDString = E3F036592C2A88B300DE5D94;
			remoteInfo = ExamReminderApp;
		};
		E3F0367B2C2A88B500DE5D94 /* PBXContainerItemProxy */ = {
			isa = PBXContainerItemProxy;
			containerPortal = E3F036522C2A88B300DE5D94 /* Project object */;
			proxyType = 1;
			remoteGlobalIDString = E3F036592C2A88B300DE5D94;
			remoteInfo = ExamReminderApp;
		};
/* End PBXContainerItemProxy section */

/* Begin PBXFileReference section */
		E3F0365A2C2A88B300DE5D94 /* ExamReminderApp.app */ = {isa = PBXFileReference; explicitFileType = wrapper.application; includeInIndex = 0; path = ExamReminderApp.app; sourceTree = BUILT_PRODUCTS_DIR; };
		E3F0365D2C2A88B300DE5D94 /* AppDelegate.swift */ = {isa = PBXFileReference; lastKnownFileType = sourcecode.swift; path = AppDelegate.swift; sourceTree = "<group>"; };
		E3F0365F2C2A88B300DE5D94 /* SceneDelegate.swift */ = {isa = PBXFileReference; lastKnownFileType = sourcecode.swift; path = SceneDelegate.swift; sourceTree = "<group>"; };
		E3F036612C2A88B300DE5D94 /* ViewController.swift */ = {isa = PBXFileReference; lastKnownFileType = sourcecode.swift; path = ViewController.swift; sourceTree = "<group>"; };
		E3F036642C2A88B300DE5D94 /* Base */ = {isa = PBXFileReference; lastKnownFileType = file.storyboard; name = Base; path = Base.lproj/Main.storyboard; sourceTree = "<group>"; };
		E3F036662C2A88B500DE5D94 /* Assets.xcassets */ = {isa = PBXFileReference; lastKnownFileType = folder.assetcatalog; path = Assets.xcassets; sourceTree = "<group>"; };
		E3F036692C2A88B500DE5D94 /* Base */ = {isa = PBXFileReference; lastKnownFileType = file.storyboard; name = Base; path = Base.lproj/LaunchScreen.storyboard; sourceTree = "<group>"; };
		E3F0366B2C2A88B500DE5D94 /* Info.plist */ = {isa = PBXFileReference; lastKnownFileType = text.plist.xml; path = Info.plist; sourceTree = "<group>"; };
		E3F036702C2A88B500DE5D94 /* ExamReminderAppTests.xctest */ = {isa = PBXFileReference; explicitFileType = wrapper.cfbundle; includeInIndex = 0; path = ExamReminderAppTests.xctest; sourceTree = BUILT_PRODUCTS_DIR; };
		E3F036742C2A88B500DE5D94 /* ExamReminderAppTests.swift */ = {isa = PBXFileReference; lastKnownFileType = sourcecode.swift; path = ExamReminderAppTests.swift; sourceTree = "<group>"; };
		E3F0367A2C2A88B500DE5D94 /* ExamReminderAppUITests.xctest */ = {isa = PBXFileReference; explicitFileType = wrapper.cfbundle; includeInIndex = 0; path = ExamReminderAppUITests.xctest; sourceTree = BUILT_PRODUCTS_DIR; };
		E3F0367E2C2A88B500DE5D94 /* ExamReminderAppUITests.swift */ = {isa = PBXFileReference; lastKnownFileType = sourcecode.swift; path = ExamReminderAppUITests.swift; sourceTree = "<group>"; };
		E3F036802C2A88B500DE5D94 /* ExamReminderAppUITestsLaunchTests.swift */ = {isa = PBXFileReference; lastKnownFileType = sourcecode.swift; path = ExamReminderAppUITestsLaunchTests.swift; sourceTree = "<group>"; };
		E3F0368D2C2A893700DE5D94 /* Exam.swift */ = {isa = PBXFileReference; lastKnownFileType = sourcecode.swift; path = Exam.swift; sourceTree = "<group>"; };
		E3F0368F2C2A89D900DE5D94 /* AddExamViewController.swift */ = {isa = PBXFileReference; lastKnownFileType = sourcecode.swift; path = AddExamViewController.swift; sourceTree = "<group>"; };
		E3F036912C2A8BA300DE5D94 /* ExamViewController.swift */ = {isa = PBXFileReference; lastKnownFileType = sourcecode.swift; path = ExamViewController.swift; sourceTree = "<group>"; };
/* End PBXFileReference section */

/* Begin PBXFrameworksBuildPhase section */
		E3F036572C2A88B300DE5D94 /* Frameworks */ = {
			isa = PBXFrameworksBuildPhase;
			buildActionMask = 2147483647;
			files = (
			);
			runOnlyForDeploymentPostprocessing = 0;
		};
		E3F0366D2C2A88B500DE5D94 /* Frameworks */ = {
			isa = PBXFrameworksBuildPhase;
			buildActionMask = 2147483647;
			files = (
			);
			runOnlyForDeploymentPostprocessing = 0;
		};
		E3F036772C2A88B500DE5D94 /* Frameworks */ = {
			isa = PBXFrameworksBuildPhase;
			buildActionMask = 2147483647;
			files = (
			);
			runOnlyForDeploymentPostprocessing = 0;
		};
/* End PBXFrameworksBuildPhase section */

/* Begin PBXGroup section */
		E3F036512C2A88B300DE5D94 = {
			isa = PBXGroup;
			children = (
				E3F0365C2C2A88B300DE5D94 /* ExamReminderApp */,
				E3F036732C2A88B500DE5D94 /* ExamReminderAppTests */,
				E3F0367D2C2A88B500DE5D94 /* ExamReminderAppUITests */,
				E3F0365B2C2A88B300DE5D94 /* Products */,
			);
			sourceTree = "<group>";
		};
		E3F0365B2C2A88B300DE5D94 /* Products */ = {
			isa = PBXGroup;
			children = (
				E3F0365A2C2A88B300DE5D94 /* ExamReminderApp.app */,
				E3F036702C2A88B500DE5D94 /* ExamReminderAppTests.xctest */,
				E3F0367A2C2A88B500DE5D94 /* ExamReminderAppUITests.xctest */,
			);
			name = Products;
			sourceTree = "<group>";
		};
		E3F0365C2C2A88B300DE5D94 /* ExamReminderApp */ = {
			isa = PBXGroup;
			children = (
				E3F0365D2C2A88B300DE5D94 /* AppDelegate.swift */,
				E3F0365F2C2A88B300DE5D94 /* SceneDelegate.swift */,
				E3F036612C2A88B300DE5D94 /* ViewController.swift */,
				E3F036632C2A88B300DE5D94 /* Main.storyboard */,
				E3F036662C2A88B500DE5D94 /* Assets.xcassets */,
				E3F036682C2A88B500DE5D94 /* LaunchScreen.storyboard */,
				E3F0366B2C2A88B500DE5D94 /* Info.plist */,
				E3F0368D2C2A893700DE5D94 /* Exam.swift */,
				E3F0368F2C2A89D900DE5D94 /* AddExamViewController.swift */,
				E3F036912C2A8BA300DE5D94 /* ExamViewController.swift */,
			);
			path = ExamReminderApp;
			sourceTree = "<group>";
		};
		E3F036732C2A88B500DE5D94 /* ExamReminderAppTests */ = {
			isa = PBXGroup;
			children = (
				E3F036742C2A88B500DE5D94 /* ExamReminderAppTests.swift */,
			);
			path = ExamReminderAppTests;
			sourceTree = "<group>";
		};
		E3F0367D2C2A88B500DE5D94 /* ExamReminderAppUITests */ = {
			isa = PBXGroup;
			children = (
				E3F0367E2C2A88B500DE5D94 /* ExamReminderAppUITests.swift */,
				E3F036802C2A88B500DE5D94 /* ExamReminderAppUITestsLaunchTests.swift */,
			);
			path = ExamReminderAppUITests;
			sourceTree = "<group>";
		};
/* End PBXGroup section */

/* Begin PBXNativeTarget section */
		E3F036592C2A88B300DE5D94 /* ExamReminderApp */ = {
			isa = PBXNativeTarget;
			buildConfigurationList = E3F036842C2A88B500DE5D94 /* Build configuration list for PBXNativeTarget "ExamReminderApp" */;
			buildPhases = (
				E3F036562C2A88B300DE5D94 /* Sources */,
				E3F036572C2A88B300DE5D94 /* Frameworks */,
				E3F036582C2A88B300DE5D94 /* Resources */,
			);
			buildRules = (
			);
			dependencies = (
			);
			name = ExamReminderApp;
			productName = ExamReminderApp;
			productReference = E3F0365A2C2A88B300DE5D94 /* ExamReminderApp.app */;
			productType = "com.apple.product-type.application";
		};
		E3F0366F2C2A88B500DE5D94 /* ExamReminderAppTests */ = {
			isa = PBXNativeTarget;
			buildConfigurationList = E3F036872C2A88B500DE5D94 /* Build configuration list for PBXNativeTarget "ExamReminderAppTests" */;
			buildPhases = (
				E3F0366C2C2A88B500DE5D94 /* Sources */,
				E3F0366D2C2A88B500DE5D94 /* Frameworks */,
				E3F0366E2C2A88B500DE5D94 /* Resources */,
			);
			buildRules = (
			);
			dependencies = (
				E3F036722C2A88B500DE5D94 /* PBXTargetDependency */,
			);
			name = ExamReminderAppTests;
			productName = ExamReminderAppTests;
			productReference = E3F036702C2A88B500DE5D94 /* ExamReminderAppTests.xctest */;
			productType = "com.apple.product-type.bundle.unit-test";
		};
		E3F036792C2A88B500DE5D94 /* ExamReminderAppUITests */ = {
			isa = PBXNativeTarget;
			buildConfigurationList = E3F0368A2C2A88B500DE5D94 /* Build configuration list for PBXNativeTarget "ExamReminderAppUITests" */;
			buildPhases = (
				E3F036762C2A88B500DE5D94 /* Sources */,
				E3F036772C2A88B500DE5D94 /* Frameworks */,
				E3F036782C2A88B500DE5D94 /* Resources */,
			);
			buildRules = (
			);
			dependencies = (
				E3F0367C2C2A88B500DE5D94 /* PBXTargetDependency */,
			);
			name = ExamReminderAppUITests;
			productName = ExamReminderAppUITests;
			productReference = E3F0367A2C2A88B500DE5D94 /* ExamReminderAppUITests.xctest */;
			productType = "com.apple.product-type.bundle.ui-testing";
		};
/* End PBXNativeTarget section */

/* Begin PBXProject section */
		E3F036522C2A88B300DE5D94 /* Project object */ = {
			isa = PBXProject;
			attributes = {
				BuildIndependentTargetsInParallel = 1;
				LastSwiftUpdateCheck = 1530;
				LastUpgradeCheck = 1530;
				TargetAttributes = {
					E3F036592C2A88B300DE5D94 = {
						CreatedOnToolsVersion = 15.3;
					};
					E3F0366F2C2A88B500DE5D94 = {
						CreatedOnToolsVersion = 15.3;
						TestTargetID = E3F036592C2A88B300DE5D94;
					};
					E3F036792C2A88B500DE5D94 = {
						CreatedOnToolsVersion = 15.3;
						TestTargetID = E3F036592C2A88B300DE5D94;
					};
				};
			};
			buildConfigurationList = E3F036552C2A88B300DE5D94 /* Build configuration list for PBXProject "ExamReminderApp" */;
			compatibilityVersion = "Xcode 14.0";
			developmentRegion = en;
			hasScannedForEncodings = 0;
			knownRegions = (
				en,
				Base,
			);
			mainGroup = E3F036512C2A88B300DE5D94;
			productRefGroup = E3F0365B2C2A88B300DE5D94 /* Products */;
			projectDirPath = "";
			projectRoot = "";
			targets = (
				E3F036592C2A88B300DE5D94 /* ExamReminderApp */,
				E3F0366F2C2A88B500DE5D94 /* ExamReminderAppTests */,
				E3F036792C2A88B500DE5D94 /* ExamReminderAppUITests */,
			);
		};
/* End PBXProject section */

/* Begin PBXResourcesBuildPhase section */
		E3F036582C2A88B300DE5D94 /* Resources */ = {
			isa = PBXResourcesBuildPhase;
			buildActionMask = 2147483647;
			files = (
				E3F036672C2A88B500DE5D94 /* Assets.xcassets in Resources */,
				E3F0366A2C2A88B500DE5D94 /* Base in Resources */,
				E3F036652C2A88B300DE5D94 /* Base in Resources */,
			);
			runOnlyForDeploymentPostprocessing = 0;
		};
		E3F0366E2C2A88B500DE5D94 /* Resources */ = {
			isa = PBXResourcesBuildPhase;
			buildActionMask = 2147483647;
			files = (
			);
			runOnlyForDeploymentPostprocessing = 0;
		};
		E3F036782C2A88B500DE5D94 /* Resources */ = {
			isa = PBXResourcesBuildPhase;
			buildActionMask = 2147483647;
			files = (
			);
			runOnlyForDeploymentPostprocessing = 0;
		};
/* End PBXResourcesBuildPhase section */

/* Begin PBXSourcesBuildPhase section */
		E3F036562C2A88B300DE5D94 /* Sources */ = {
			isa = PBXSourcesBuildPhase;
			buildActionMask = 2147483647;
			files = (
				E3F0368E2C2A893700DE5D94 /* Exam.swift in Sources */,
				E3F036902C2A89D900DE5D94 /* AddExamViewController.swift in Sources */,
				E3F036622C2A88B300DE5D94 /* ViewController.swift in Sources */,
				E3F0365E2C2A88B300DE5D94 /* AppDelegate.swift in Sources */,
				E3F036602C2A88B300DE5D94 /* SceneDelegate.swift in Sources */,
				E3F036922C2A8BA300DE5D94 /* ExamViewController.swift in Sources */,
			);
			runOnlyForDeploymentPostprocessing = 0;
		};
		E3F0366C2C2A88B500DE5D94 /* Sources */ = {
			isa = PBXSourcesBuildPhase;
			buildActionMask = 2147483647;
			files = (
				E3F036752C2A88B500DE5D94 /* ExamReminderAppTests.swift in Sources */,
			);
			runOnlyForDeploymentPostprocessing = 0;
		};
		E3F036762C2A88B500DE5D94 /* Sources */ = {
			isa = PBXSourcesBuildPhase;
			buildActionMask = 2147483647;
			files = (
				E3F0367F2C2A88B500DE5D94 /* ExamReminderAppUITests.swift in Sources */,
				E3F036812C2A88B500DE5D94 /* ExamReminderAppUITestsLaunchTests.swift in Sources */,
			);
			runOnlyForDeploymentPostprocessing = 0;
		};
/* End PBXSourcesBuildPhase section */

/* Begin PBXTargetDependency section */
		E3F036722C2A88B500DE5D94 /* PBXTargetDependency */ = {
			isa = PBXTargetDependency;
			target = E3F036592C2A88B300DE5D94 /* ExamReminderApp */;
			targetProxy = E3F036712C2A88B500DE5D94 /* PBXContainerItemProxy */;
		};
		E3F0367C2C2A88B500DE5D94 /* PBXTargetDependency */ = {
			isa = PBXTargetDependency;
			target = E3F036592C2A88B300DE5D94 /* ExamReminderApp */;
			targetProxy = E3F0367B2C2A88B500DE5D94 /* PBXContainerItemProxy */;
		};
/* End PBXTargetDependency section */

/* Begin PBXVariantGroup section */
		E3F036632C2A88B300DE5D94 /* Main.storyboard */ = {
			isa = PBXVariantGroup;
			children = (
				E3F036642C2A88B300DE5D94 /* Base */,
			);
			name = Main.storyboard;
			sourceTree = "<group>";
		};
		E3F036682C2A88B500DE5D94 /* LaunchScreen.storyboard */ = {
			isa = PBXVariantGroup;
			children = (
				E3F036692C2A88B500DE5D94 /* Base */,
			);
			name = LaunchScreen.storyboard;
			sourceTree = "<group>";
		};
/* End PBXVariantGroup section */

/* Begin XCBuildConfiguration section */
		E3F036822C2A88B500DE5D94 /* Debug */ = {
			isa = XCBuildConfiguration;
			buildSettings = {
				ALWAYS_SEARCH_USER_PATHS = NO;
				ASSETCATALOG_COMPILER_GENERATE_SWIFT_ASSET_SYMBOL_EXTENSIONS = YES;
				CLANG_ANALYZER_NONNULL = YES;
				CLANG_ANALYZER_NUMBER_OBJECT_CONVERSION = YES_AGGRESSIVE;
				CLANG_CXX_LANGUAGE_STANDARD = "gnu++20";
				CLANG_ENABLE_MODULES = YES;
				CLANG_ENABLE_OBJC_ARC = YES;
				CLANG_ENABLE_OBJC_WEAK = YES;
				CLANG_WARN_BLOCK_CAPTURE_AUTORELEASING = YES;
				CLANG_WARN_BOOL_CONVERSION = YES;
				CLANG_WARN_COMMA = YES;
				CLANG_WARN_CONSTANT_CONVERSION = YES;
				CLANG_WARN_DEPRECATED_OBJC_IMPLEMENTATIONS = YES;
				CLANG_WARN_DIRECT_OBJC_ISA_USAGE = YES_ERROR;
				CLANG_WARN_DOCUMENTATION_COMMENTS = YES;
				CLANG_WARN_EMPTY_BODY = YES;
				CLANG_WARN_ENUM_CONVERSION = YES;
				CLANG_WARN_INFINITE_RECURSION = YES;
				CLANG_WARN_INT_CONVERSION = YES;
				CLANG_WARN_NON_LITERAL_NULL_CONVERSION = YES;
				CLANG_WARN_OBJC_IMPLICIT_RETAIN_SELF = YES;
				CLANG_WARN_OBJC_LITERAL_CONVERSION = YES;
				CLANG_WARN_OBJC_ROOT_CLASS = YES_ERROR;
				CLANG_WARN_QUOTED_INCLUDE_IN_FRAMEWORK_HEADER = YES;
				CLANG_WARN_RANGE_LOOP_ANALYSIS = YES;
				CLANG_WARN_STRICT_PROTOTYPES = YES;
				CLANG_WARN_SUSPICIOUS_MOVE = YES;
				CLANG_WARN_UNGUARDED_AVAILABILITY = YES_AGGRESSIVE;
				CLANG_WARN_UNREACHABLE_CODE = YES;
				CLANG_WARN__DUPLICATE_METHOD_MATCH = YES;
				COPY_PHASE_STRIP = NO;
				DEBUG_INFORMATION_FORMAT = dwarf;
				ENABLE_STRICT_OBJC_MSGSEND = YES;
				ENABLE_TESTABILITY = YES;
				ENABLE_USER_SCRIPT_SANDBOXING = YES;
				GCC_C_LANGUAGE_STANDARD = gnu17;
				GCC_DYNAMIC_NO_PIC = NO;
				GCC_NO_COMMON_BLOCKS = YES;
				GCC_OPTIMIZATION_LEVEL = 0;
				GCC_PREPROCESSOR_DEFINITIONS = (
					"DEBUG=1",
					"$(inherited)",
				);
				GCC_WARN_64_TO_32_BIT_CONVERSION = YES;
				GCC_WARN_ABOUT_RETURN_TYPE = YES_ERROR;
				GCC_WARN_UNDECLARED_SELECTOR = YES;
				GCC_WARN_UNINITIALIZED_AUTOS = YES_AGGRESSIVE;
				GCC_WARN_UNUSED_FUNCTION = YES;
				GCC_WARN_UNUSED_VARIABLE = YES;
				IPHONEOS_DEPLOYMENT_TARGET = 17.4;
				LOCALIZATION_PREFERS_STRING_CATALOGS = YES;
				MTL_ENABLE_DEBUG_INFO = INCLUDE_SOURCE;
				MTL_FAST_MATH = YES;
				ONLY_ACTIVE_ARCH = YES;
				SDKROOT = iphoneos;
				SWIFT_ACTIVE_COMPILATION_CONDITIONS = "DEBUG $(inherited)";
				SWIFT_OPTIMIZATION_LEVEL = "-Onone";
			};
			name = Debug;
		};
		E3F036832C2A88B500DE5D94 /* Release */ = {
			isa = XCBuildConfiguration;
			buildSettings = {
				ALWAYS_SEARCH_USER_PATHS = NO;
				ASSETCATALOG_COMPILER_GENERATE_SWIFT_ASSET_SYMBOL_EXTENSIONS = YES;
				CLANG_ANALYZER_NONNULL = YES;
				CLANG_ANALYZER_NUMBER_OBJECT_CONVERSION = YES_AGGRESSIVE;
				CLANG_CXX_LANGUAGE_STANDARD = "gnu++20";
				CLANG_ENABLE_MODULES = YES;
				CLANG_ENABLE_OBJC_ARC = YES;
				CLANG_ENABLE_OBJC_WEAK = YES;
				CLANG_WARN_BLOCK_CAPTURE_AUTORELEASING = YES;
				CLANG_WARN_BOOL_CONVERSION = YES;
				CLANG_WARN_COMMA = YES;
				CLANG_WARN_CONSTANT_CONVERSION = YES;
				CLANG_WARN_DEPRECATED_OBJC_IMPLEMENTATIONS = YES;
				CLANG_WARN_DIRECT_OBJC_ISA_USAGE = YES_ERROR;
				CLANG_WARN_DOCUMENTATION_COMMENTS = YES;
				CLANG_WARN_EMPTY_BODY = YES;
				CLANG_WARN_ENUM_CONVERSION = YES;
				CLANG_WARN_INFINITE_RECURSION = YES;
				CLANG_WARN_INT_CONVERSION = YES;
				CLANG_WARN_NON_LITERAL_NULL_CONVERSION = YES;
				CLANG_WARN_OBJC_IMPLICIT_RETAIN_SELF = YES;
				CLANG_WARN_OBJC_LITERAL_CONVERSION = YES;
				CLANG_WARN_OBJC_ROOT_CLASS = YES_ERROR;
				CLANG_WARN_QUOTED_INCLUDE_IN_FRAMEWORK_HEADER = YES;
				CLANG_WARN_RANGE_LOOP_ANALYSIS = YES;
				CLANG_WARN_STRICT_PROTOTYPES = YES;
				CLANG_WARN_SUSPICIOUS_MOVE = YES;
				CLANG_WARN_UNGUARDED_AVAILABILITY = YES_AGGRESSIVE;
				CLANG_WARN_UNREACHABLE_CODE = YES;
				CLANG_WARN__DUPLICATE_METHOD_MATCH = YES;
				COPY_PHASE_STRIP = NO;
				DEBUG_INFORMATION_FORMAT = "dwarf-with-dsym";
				ENABLE_NS_ASSERTIONS = NO;
				ENABLE_STRICT_OBJC_MSGSEND = YES;
				ENABLE_USER_SCRIPT_SANDBOXING = YES;
				GCC_C_LANGUAGE_STANDARD = gnu17;
				GCC_NO_COMMON_BLOCKS = YES;
				GCC_WARN_64_TO_32_BIT_CONVERSION = YES;
				GCC_WARN_ABOUT_RETURN_TYPE = YES_ERROR;
				GCC_WARN_UNDECLARED_SELECTOR = YES;
				GCC_WARN_UNINITIALIZED_AUTOS = YES_AGGRESSIVE;
				GCC_WARN_UNUSED_FUNCTION = YES;
				GCC_WARN_UNUSED_VARIABLE = YES;
				IPHONEOS_DEPLOYMENT_TARGET = 17.4;
				LOCALIZATION_PREFERS_STRING_CATALOGS = YES;
				MTL_ENABLE_DEBUG_INFO = NO;
				MTL_FAST_MATH = YES;
				SDKROOT = iphoneos;
				SWIFT_COMPILATION_MODE = wholemodule;
				VALIDATE_PRODUCT = YES;
			};
			name = Release;
		};
		E3F036852C2A88B500DE5D94 /* Debug */ = {
			isa = XCBuildConfiguration;
			buildSettings = {
				ASSETCATALOG_COMPILER_APPICON_NAME = AppIcon;
				ASSETCATALOG_COMPILER_GLOBAL_ACCENT_COLOR_NAME = AccentColor;
				CODE_SIGN_STYLE = Automatic;
				CURRENT_PROJECT_VERSION = 1;
				GENERATE_INFOPLIST_FILE = YES;
				INFOPLIST_FILE = ExamReminderApp/Info.plist;
				INFOPLIST_KEY_UIApplicationSupportsIndirectInputEvents = YES;
				INFOPLIST_KEY_UILaunchStoryboardName = LaunchScreen;
				INFOPLIST_KEY_UIMainStoryboardFile = Main;
				INFOPLIST_KEY_UISupportedInterfaceOrientations_iPad = "UIInterfaceOrientationPortrait UIInterfaceOrientationPortraitUpsideDown UIInterfaceOrientationLandscapeLeft UIInterfaceOrientationLandscapeRight";
				INFOPLIST_KEY_UISupportedInterfaceOrientations_iPhone = "UIInterfaceOrientationPortrait UIInterfaceOrientationLandscapeLeft UIInterfaceOrientationLandscapeRight";
				LD_RUNPATH_SEARCH_PATHS = (
					"$(inherited)",
					"@executable_path/Frameworks",
				);
				MARKETING_VERSION = 1.0;
				PRODUCT_BUNDLE_IDENTIFIER = ArdaEren.ExamReminderApp;
				PRODUCT_NAME = "$(TARGET_NAME)";
				SWIFT_EMIT_LOC_STRINGS = YES;
				SWIFT_VERSION = 5.0;
				TARGETED_DEVICE_FAMILY = "1,2";
			};
			name = Debug;
		};
		E3F036862C2A88B500DE5D94 /* Release */ = {
			isa = XCBuildConfiguration;
			buildSettings = {
				ASSETCATALOG_COMPILER_APPICON_NAME = AppIcon;
				ASSETCATALOG_COMPILER_GLOBAL_ACCENT_COLOR_NAME = AccentColor;
				CODE_SIGN_STYLE = Automatic;
				CURRENT_PROJECT_VERSION = 1;
				GENERATE_INFOPLIST_FILE = YES;
				INFOPLIST_FILE = ExamReminderApp/Info.plist;
				INFOPLIST_KEY_UIApplicationSupportsIndirectInputEvents = YES;
				INFOPLIST_KEY_UILaunchStoryboardName = LaunchScreen;
				INFOPLIST_KEY_UIMainStoryboardFile = Main;
				INFOPLIST_KEY_UISupportedInterfaceOrientations_iPad = "UIInterfaceOrientationPortrait UIInterfaceOrientationPortraitUpsideDown UIInterfaceOrientationLandscapeLeft UIInterfaceOrientationLandscapeRight";
				INFOPLIST_KEY_UISupportedInterfaceOrientations_iPhone = "UIInterfaceOrientationPortrait UIInterfaceOrientationLandscapeLeft UIInterfaceOrientationLandscapeRight";
				LD_RUNPATH_SEARCH_PATHS = (
					"$(inherited)",
					"@executable_path/Frameworks",
				);
				MARKETING_VERSION = 1.0;
				PRODUCT_BUNDLE_IDENTIFIER = ArdaEren.ExamReminderApp;
				PRODUCT_NAME = "$(TARGET_NAME)";
				SWIFT_EMIT_LOC_STRINGS = YES;
				SWIFT_VERSION = 5.0;
				TARGETED_DEVICE_FAMILY = "1,2";
			};
			name = Release;
		};
		E3F036882C2A88B500DE5D94 /* Debug */ = {
			isa = XCBuildConfiguration;
			buildSettings = {
				ALWAYS_EMBED_SWIFT_STANDARD_LIBRARIES = YES;
				BUNDLE_LOADER = "$(TEST_HOST)";
				CODE_SIGN_STYLE = Automatic;
				CURRENT_PROJECT_VERSION = 1;
				GENERATE_INFOPLIST_FILE = YES;
				IPHONEOS_DEPLOYMENT_TARGET = 17.4;
				MARKETING_VERSION = 1.0;
				PRODUCT_BUNDLE_IDENTIFIER = ArdaEren.ExamReminderAppTests;
				PRODUCT_NAME = "$(TARGET_NAME)";
				SWIFT_EMIT_LOC_STRINGS = NO;
				SWIFT_VERSION = 5.0;
				TARGETED_DEVICE_FAMILY = "1,2";
				TEST_HOST = "$(BUILT_PRODUCTS_DIR)/ExamReminderApp.app/$(BUNDLE_EXECUTABLE_FOLDER_PATH)/ExamReminderApp";
			};
			name = Debug;
		};
		E3F036892C2A88B500DE5D94 /* Release */ = {
			isa = XCBuildConfiguration;
			buildSettings = {
				ALWAYS_EMBED_SWIFT_STANDARD_LIBRARIES = YES;
				BUNDLE_LOADER = "$(TEST_HOST)";
				CODE_SIGN_STYLE = Automatic;
				CURRENT_PROJECT_VERSION = 1;
				GENERATE_INFOPLIST_FILE = YES;
				IPHONEOS_DEPLOYMENT_TARGET = 17.4;
				MARKETING_VERSION = 1.0;
				PRODUCT_BUNDLE_IDENTIFIER = ArdaEren.ExamReminderAppTests;
				PRODUCT_NAME = "$(TARGET_NAME)";
				SWIFT_EMIT_LOC_STRINGS = NO;
				SWIFT_VERSION = 5.0;
				TARGETED_DEVICE_FAMILY = "1,2";
				TEST_HOST = "$(BUILT_PRODUCTS_DIR)/ExamReminderApp.app/$(BUNDLE_EXECUTABLE_FOLDER_PATH)/ExamReminderApp";
			};
			name = Release;
		};
		E3F0368B2C2A88B500DE5D94 /* Debug */ = {
			isa = XCBuildConfiguration;
			buildSettings = {
				ALWAYS_EMBED_SWIFT_STANDARD_LIBRARIES = YES;
				CODE_SIGN_STYLE = Automatic;
				CURRENT_PROJECT_VERSION = 1;
				GENERATE_INFOPLIST_FILE = YES;
				MARKETING_VERSION = 1.0;
				PRODUCT_BUNDLE_IDENTIFIER = ArdaEren.ExamReminderAppUITests;
				PRODUCT_NAME = "$(TARGET_NAME)";
				SWIFT_EMIT_LOC_STRINGS = NO;
				SWIFT_VERSION = 5.0;
				TARGETED_DEVICE_FAMILY = "1,2";
				TEST_TARGET_NAME = ExamReminderApp;
			};
			name = Debug;
		};
		E3F0368C2C2A88B500DE5D94 /* Release */ = {
			isa = XCBuildConfiguration;
			buildSettings = {
				ALWAYS_EMBED_SWIFT_STANDARD_LIBRARIES = YES;
				CODE_SIGN_STYLE = Automatic;
				CURRENT_PROJECT_VERSION = 1;
				GENERATE_INFOPLIST_FILE = YES;
				MARKETING_VERSION = 1.0;
				PRODUCT_BUNDLE_IDENTIFIER = ArdaEren.ExamReminderAppUITests;
				PRODUCT_NAME = "$(TARGET_NAME)";
				SWIFT_EMIT_LOC_STRINGS = NO;
				SWIFT_VERSION = 5.0;
				TARGETED_DEVICE_FAMILY = "1,2";
				TEST_TARGET_NAME = ExamReminderApp;
			};
			name = Release;
		};
/* End XCBuildConfiguration section */

/* Begin XCConfigurationList section */
		E3F036552C2A88B300DE5D94 /* Build configuration list for PBXProject "ExamReminderApp" */ = {
			isa = XCConfigurationList;
			buildConfigurations = (
				E3F036822C2A88B500DE5D94 /* Debug */,
				E3F036832C2A88B500DE5D94 /* Release */,
			);
			defaultConfigurationIsVisible = 0;
			defaultConfigurationName = Release;
		};
		E3F036842C2A88B500DE5D94 /* Build configuration list for PBXNativeTarget "ExamReminderApp" */ = {
			isa = XCConfigurationList;
			buildConfigurations = (
				E3F036852C2A88B500DE5D94 /* Debug */,
				E3F036862C2A88B500DE5D94 /* Release */,
			);
			defaultConfigurationIsVisible = 0;
			defaultConfigurationName = Release;
		};
		E3F036872C2A88B500DE5D94 /* Build configuration list for PBXNativeTarget "ExamReminderAppTests" */ = {
			isa = XCConfigurationList;
			buildConfigurations = (
				E3F036882C2A88B500DE5D94 /* Debug */,
				E3F036892C2A88B500DE5D94 /* Release */,
			);
			defaultConfigurationIsVisible = 0;
			defaultConfigurationName = Release;
		};
		E3F0368A2C2A88B500DE5D94 /* Build configuration list for PBXNativeTarget "ExamReminderAppUITests" */ = {
			isa = XCConfigurationList;
			buildConfigurations = (
				E3F0368B2C2A88B500DE5D94 /* Debug */,
				E3F0368C2C2A88B500DE5D94 /* Release */,
			);
			defaultConfigurationIsVisible = 0;
			defaultConfigurationName = Release;
		};
/* End XCConfigurationList section */
	};
	rootObject = E3F036522C2A88B300DE5D94 /* Project object */;
}
